{
  "version": 4,
  "terraform_version": "1.3.5",
  "serial": 17,
  "lineage": "aeba5014-4d7d-4e4d-745a-f531263a198f",
  "outputs": {
    "get_original_url_function_url": {
      "value": "https://3q6vv45faxat3fdacv3tfdhbku0wcwvg.lambda-url.us-east-1.on.aws/",
      "type": "string"
    },
    "get_short_url_function_url": {
      "value": "https://m5xkipyg4ycclitmh6ffliclg40qowjs.lambda-url.us-east-1.on.aws/",
      "type": "string"
    },
    "get_url_stats_function_url": {
      "value": "https://dkqjkexby5e5xqgce7xrv5cdoi0cazlh.lambda-url.us-east-1.on.aws/",
      "type": "string"
    }
  },
  "resources": [
    {
      "mode": "data",
      "type": "archive_file",
      "name": "get_original_url",
      "provider": "provider[\"registry.terraform.io/hashicorp/archive\"]",
      "instances": [
        {
          "schema_version": 0,
          "attributes": {
            "excludes": null,
            "id": "d6ee725b2a092155be3baafce18516a9db46cbc5",
            "output_base64sha256": "cGbb07146NRCJDWHEDabz+fwr6b4MwZ3nwrobJX1qjE=",
            "output_file_mode": null,
            "output_md5": "3f171c789ef2937f8eacb7f01ca6be8c",
            "output_path": ".build/get-original-url.zip",
            "output_sha": "d6ee725b2a092155be3baafce18516a9db46cbc5",
            "output_size": 1074,
            "source": [],
            "source_content": null,
            "source_content_filename": null,
            "source_dir": "./functions/get-original-url",
            "source_file": null,
            "type": "zip"
          },
          "sensitive_attributes": []
        }
      ]
    },
    {
      "mode": "data",
      "type": "archive_file",
      "name": "get_short_url",
      "provider": "provider[\"registry.terraform.io/hashicorp/archive\"]",
      "instances": [
        {
          "schema_version": 0,
          "attributes": {
            "excludes": null,
            "id": "2b39409c63da7782cd7c02aa54318e422cbdcb59",
            "output_base64sha256": "sl4KfUppNXdaNA3stnsByezsFd+XGLB7Vuy8q6MOQJI=",
            "output_file_mode": null,
            "output_md5": "d6064ea705f41c1e03fb1b97f434bbbf",
            "output_path": ".build/get-short-url.zip",
            "output_sha": "2b39409c63da7782cd7c02aa54318e422cbdcb59",
            "output_size": 13023,
            "source": [],
            "source_content": null,
            "source_content_filename": null,
            "source_dir": "./functions/get-short-url",
            "source_file": null,
            "type": "zip"
          },
          "sensitive_attributes": []
        }
      ]
    },
    {
      "mode": "data",
      "type": "archive_file",
      "name": "get_url_stats",
      "provider": "provider[\"registry.terraform.io/hashicorp/archive\"]",
      "instances": [
        {
          "schema_version": 0,
          "attributes": {
            "excludes": null,
            "id": "a12826007b3d65ba8e461fb31f42ac4c03586af7",
            "output_base64sha256": "maQ/sio3LBRXMT1dKGquMbK3MgN1C6u5IKhGVu7TZ7I=",
            "output_file_mode": null,
            "output_md5": "b8a631030e0e5758832e784edd0cb5de",
            "output_path": ".build/get-url-stats.zip",
            "output_sha": "a12826007b3d65ba8e461fb31f42ac4c03586af7",
            "output_size": 898,
            "source": [],
            "source_content": null,
            "source_content_filename": null,
            "source_dir": "./functions/get-url-stats",
            "source_file": null,
            "type": "zip"
          },
          "sensitive_attributes": []
        }
      ]
    },
    {
      "mode": "data",
      "type": "aws_caller_identity",
      "name": "current",
      "provider": "provider[\"registry.terraform.io/hashicorp/aws\"]",
      "instances": [
        {
          "schema_version": 0,
          "attributes": {
            "account_id": "587758787678",
            "arn": "arn:aws:iam::587758787678:user/michael",
            "id": "587758787678",
            "user_id": "AIDAYRWJHLRPNLTD3DDQY"
          },
          "sensitive_attributes": []
        }
      ]
    },
    {
      "mode": "data",
      "type": "aws_region",
      "name": "current",
      "provider": "provider[\"registry.terraform.io/hashicorp/aws\"]",
      "instances": [
        {
          "schema_version": 0,
          "attributes": {
            "description": "US East (N. Virginia)",
            "endpoint": "ec2.us-east-1.amazonaws.com",
            "id": "us-east-1",
            "name": "us-east-1"
          },
          "sensitive_attributes": []
        }
      ]
    },
    {
      "mode": "managed",
      "type": "aws_dynamodb_table",
      "name": "short_urls",
      "provider": "provider[\"registry.terraform.io/hashicorp/aws\"]",
      "instances": [
        {
          "schema_version": 1,
          "attributes": {
            "arn": "arn:aws:dynamodb:us-east-1:587758787678:table/url-shortener-table",
            "attribute": [
              {
                "name": "ShortValue",
                "type": "S"
              }
            ],
            "billing_mode": "PAY_PER_REQUEST",
            "global_secondary_index": [],
            "hash_key": "ShortValue",
            "id": "url-shortener-table",
            "local_secondary_index": [],
            "name": "url-shortener-table",
            "point_in_time_recovery": [
              {
                "enabled": false
              }
            ],
            "range_key": null,
            "read_capacity": 0,
            "replica": [],
            "restore_date_time": null,
            "restore_source_name": null,
            "restore_to_latest_time": null,
            "server_side_encryption": [],
            "stream_arn": "",
            "stream_enabled": false,
            "stream_label": "",
            "stream_view_type": "",
            "table_class": "",
            "tags": null,
            "tags_all": {},
            "timeouts": null,
            "ttl": [
              {
                "attribute_name": "",
                "enabled": false
              }
            ],
            "write_capacity": 0
          },
          "sensitive_attributes": [],
          "private": "eyJlMmJmYjczMC1lY2FhLTExZTYtOGY4OC0zNDM2M2JjN2M0YzAiOnsiY3JlYXRlIjoxODAwMDAwMDAwMDAwLCJkZWxldGUiOjYwMDAwMDAwMDAwMCwidXBkYXRlIjozNjAwMDAwMDAwMDAwfSwic2NoZW1hX3ZlcnNpb24iOiIxIn0="
        }
      ]
    },
    {
      "mode": "managed",
      "type": "aws_iam_policy",
      "name": "get_original_url",
      "provider": "provider[\"registry.terraform.io/hashicorp/aws\"]",
      "instances": [
        {
          "schema_version": 0,
          "attributes": {
            "arn": "arn:aws:iam::587758787678:policy/get-original-url-lambda-permissions-policy",
            "description": "Lambda permissions policy",
            "id": "arn:aws:iam::587758787678:policy/get-original-url-lambda-permissions-policy",
            "name": "get-original-url-lambda-permissions-policy",
            "name_prefix": null,
            "path": "/",
            "policy": "{\"Statement\":[{\"Action\":[\"dynamodb:GetItem\",\"dynamodb:UpdateItem\"],\"Effect\":\"Allow\",\"Resource\":\"arn:aws:dynamodb:us-east-1:587758787678:table/url-shortener-table\"},{\"Action\":[\"logs:CreateLogGroup\"],\"Effect\":\"Allow\",\"Resource\":\"arn:aws:logs:us-east-1:587758787678:*\"},{\"Action\":[\"logs:CreateLogStream\",\"logs:PutLogEvents\"],\"Effect\":\"Allow\",\"Resource\":\"arn:aws:logs:us-east-1:587758787678:log-group:/aws/lambda/get-original-url-lambda:*\"}],\"Version\":\"2012-10-17\"}",
            "policy_id": "ANPAYRWJHLRPJK7H43OYT",
            "tags": null,
            "tags_all": {}
          },
          "sensitive_attributes": [],
          "private": "bnVsbA==",
          "dependencies": [
            "aws_dynamodb_table.short_urls",
            "data.aws_caller_identity.current",
            "data.aws_region.current"
          ]
        }
      ]
    },
    {
      "mode": "managed",
      "type": "aws_iam_policy",
      "name": "get_short_url",
      "provider": "provider[\"registry.terraform.io/hashicorp/aws\"]",
      "instances": [
        {
          "schema_version": 0,
          "attributes": {
            "arn": "arn:aws:iam::587758787678:policy/get-short-url-lambda-permissions-policy",
            "description": "Lambda permissions policy",
            "id": "arn:aws:iam::587758787678:policy/get-short-url-lambda-permissions-policy",
            "name": "get-short-url-lambda-permissions-policy",
            "name_prefix": null,
            "path": "/",
            "policy": "{\"Statement\":[{\"Action\":[\"dynamodb:PutItem\",\"dynamodb:GetItem\"],\"Effect\":\"Allow\",\"Resource\":\"arn:aws:dynamodb:us-east-1:587758787678:table/url-shortener-table\"},{\"Action\":[\"logs:CreateLogGroup\"],\"Effect\":\"Allow\",\"Resource\":\"arn:aws:logs:us-east-1:587758787678:*\"},{\"Action\":[\"logs:CreateLogStream\",\"logs:PutLogEvents\"],\"Effect\":\"Allow\",\"Resource\":\"arn:aws:logs:us-east-1:587758787678:log-group:/aws/lambda/get-short-url-lambda:*\"}],\"Version\":\"2012-10-17\"}",
            "policy_id": "ANPAYRWJHLRPJOLM4CEO2",
            "tags": null,
            "tags_all": {}
          },
          "sensitive_attributes": [],
          "private": "bnVsbA==",
          "dependencies": [
            "aws_dynamodb_table.short_urls",
            "data.aws_caller_identity.current",
            "data.aws_region.current"
          ]
        }
      ]
    },
    {
      "mode": "managed",
      "type": "aws_iam_policy",
      "name": "get_url_stats",
      "provider": "provider[\"registry.terraform.io/hashicorp/aws\"]",
      "instances": [
        {
          "schema_version": 0,
          "attributes": {
            "arn": "arn:aws:iam::587758787678:policy/get-url-stats-lambda-permissions-policy",
            "description": "Lambda permissions policy",
            "id": "arn:aws:iam::587758787678:policy/get-url-stats-lambda-permissions-policy",
            "name": "get-url-stats-lambda-permissions-policy",
            "name_prefix": null,
            "path": "/",
            "policy": "{\"Statement\":[{\"Action\":[\"dynamodb:GetItem\"],\"Effect\":\"Allow\",\"Resource\":\"arn:aws:dynamodb:us-east-1:587758787678:table/url-shortener-table\"},{\"Action\":[\"logs:CreateLogGroup\"],\"Effect\":\"Allow\",\"Resource\":\"arn:aws:logs:us-east-1:587758787678:*\"},{\"Action\":[\"logs:CreateLogStream\",\"logs:PutLogEvents\"],\"Effect\":\"Allow\",\"Resource\":\"arn:aws:logs:us-east-1:587758787678:log-group:/aws/lambda/get-url-stats-lambda:*\"}],\"Version\":\"2012-10-17\"}",
            "policy_id": "ANPAYRWJHLRPNEQ3J4DMH",
            "tags": null,
            "tags_all": {}
          },
          "sensitive_attributes": [],
          "private": "bnVsbA==",
          "dependencies": [
            "aws_dynamodb_table.short_urls",
            "data.aws_caller_identity.current",
            "data.aws_region.current"
          ]
        }
      ]
    },
    {
      "mode": "managed",
      "type": "aws_iam_role",
      "name": "get_original_url",
      "provider": "provider[\"registry.terraform.io/hashicorp/aws\"]",
      "instances": [
        {
          "schema_version": 0,
          "attributes": {
            "arn": "arn:aws:iam::587758787678:role/get-original-url-lambda-role",
            "assume_role_policy": "{\"Statement\":[{\"Action\":\"sts:AssumeRole\",\"Effect\":\"Allow\",\"Principal\":{\"Service\":\"lambda.amazonaws.com\"},\"Sid\":\"\"}],\"Version\":\"2012-10-17\"}",
            "create_date": "2023-02-06T00:59:56Z",
            "description": "",
            "force_detach_policies": false,
            "id": "get-original-url-lambda-role",
            "inline_policy": [],
            "managed_policy_arns": [],
            "max_session_duration": 3600,
            "name": "get-original-url-lambda-role",
            "name_prefix": "",
            "path": "/",
            "permissions_boundary": null,
            "tags": null,
            "tags_all": {},
            "unique_id": "AROAYRWJHLRPNYKKUKT5O"
          },
          "sensitive_attributes": [],
          "private": "bnVsbA=="
        }
      ]
    },
    {
      "mode": "managed",
      "type": "aws_iam_role",
      "name": "get_short_url",
      "provider": "provider[\"registry.terraform.io/hashicorp/aws\"]",
      "instances": [
        {
          "schema_version": 0,
          "attributes": {
            "arn": "arn:aws:iam::587758787678:role/get-short-url-lambda-role",
            "assume_role_policy": "{\"Statement\":[{\"Action\":\"sts:AssumeRole\",\"Effect\":\"Allow\",\"Principal\":{\"Service\":\"lambda.amazonaws.com\"},\"Sid\":\"\"}],\"Version\":\"2012-10-17\"}",
            "create_date": "2023-02-06T00:59:56Z",
            "description": "",
            "force_detach_policies": false,
            "id": "get-short-url-lambda-role",
            "inline_policy": [],
            "managed_policy_arns": [],
            "max_session_duration": 3600,
            "name": "get-short-url-lambda-role",
            "name_prefix": "",
            "path": "/",
            "permissions_boundary": null,
            "tags": null,
            "tags_all": {},
            "unique_id": "AROAYRWJHLRPMKC5V2RTM"
          },
          "sensitive_attributes": [],
          "private": "bnVsbA=="
        }
      ]
    },
    {
      "mode": "managed",
      "type": "aws_iam_role",
      "name": "get_url_stats",
      "provider": "provider[\"registry.terraform.io/hashicorp/aws\"]",
      "instances": [
        {
          "schema_version": 0,
          "attributes": {
            "arn": "arn:aws:iam::587758787678:role/get-url-stats-lambda-role",
            "assume_role_policy": "{\"Statement\":[{\"Action\":\"sts:AssumeRole\",\"Effect\":\"Allow\",\"Principal\":{\"Service\":\"lambda.amazonaws.com\"},\"Sid\":\"\"}],\"Version\":\"2012-10-17\"}",
            "create_date": "2023-02-06T00:59:56Z",
            "description": "",
            "force_detach_policies": false,
            "id": "get-url-stats-lambda-role",
            "inline_policy": [],
            "managed_policy_arns": [],
            "max_session_duration": 3600,
            "name": "get-url-stats-lambda-role",
            "name_prefix": "",
            "path": "/",
            "permissions_boundary": null,
            "tags": null,
            "tags_all": {},
            "unique_id": "AROAYRWJHLRPL3YDFXCY2"
          },
          "sensitive_attributes": [],
          "private": "bnVsbA=="
        }
      ]
    },
    {
      "mode": "managed",
      "type": "aws_iam_role_policy_attachment",
      "name": "get_original_url",
      "provider": "provider[\"registry.terraform.io/hashicorp/aws\"]",
      "instances": [
        {
          "schema_version": 0,
          "attributes": {
            "id": "get-original-url-lambda-role-20230206010014716200000002",
            "policy_arn": "arn:aws:iam::587758787678:policy/get-original-url-lambda-permissions-policy",
            "role": "get-original-url-lambda-role"
          },
          "sensitive_attributes": [],
          "private": "bnVsbA==",
          "dependencies": [
            "aws_dynamodb_table.short_urls",
            "aws_iam_policy.get_original_url",
            "aws_iam_role.get_original_url",
            "data.aws_caller_identity.current",
            "data.aws_region.current"
          ]
        }
      ]
    },
    {
      "mode": "managed",
      "type": "aws_iam_role_policy_attachment",
      "name": "get_short_url",
      "provider": "provider[\"registry.terraform.io/hashicorp/aws\"]",
      "instances": [
        {
          "schema_version": 0,
          "attributes": {
            "id": "get-short-url-lambda-role-20230206010014836000000003",
            "policy_arn": "arn:aws:iam::587758787678:policy/get-short-url-lambda-permissions-policy",
            "role": "get-short-url-lambda-role"
          },
          "sensitive_attributes": [],
          "private": "bnVsbA==",
          "dependencies": [
            "aws_dynamodb_table.short_urls",
            "aws_iam_policy.get_short_url",
            "aws_iam_role.get_short_url",
            "data.aws_caller_identity.current",
            "data.aws_region.current"
          ]
        }
      ]
    },
    {
      "mode": "managed",
      "type": "aws_iam_role_policy_attachment",
      "name": "get_url_stats",
      "provider": "provider[\"registry.terraform.io/hashicorp/aws\"]",
      "instances": [
        {
          "schema_version": 0,
          "attributes": {
            "id": "get-url-stats-lambda-role-20230206010014712700000001",
            "policy_arn": "arn:aws:iam::587758787678:policy/get-url-stats-lambda-permissions-policy",
            "role": "get-url-stats-lambda-role"
          },
          "sensitive_attributes": [],
          "private": "bnVsbA==",
          "dependencies": [
            "aws_dynamodb_table.short_urls",
            "aws_iam_policy.get_url_stats",
            "aws_iam_role.get_url_stats",
            "data.aws_caller_identity.current",
            "data.aws_region.current"
          ]
        }
      ]
    },
    {
      "mode": "managed",
      "type": "aws_lambda_function",
      "name": "get_original_url",
      "provider": "provider[\"registry.terraform.io/hashicorp/aws\"]",
      "instances": [
        {
          "schema_version": 0,
          "attributes": {
            "architectures": [
              "x86_64"
            ],
            "arn": "arn:aws:lambda:us-east-1:587758787678:function:get-original-url-lambda",
            "code_signing_config_arn": "",
            "dead_letter_config": [],
            "description": "",
            "environment": [
              {
                "variables": {
                  "TABLE_NAME": "url-shortener-table"
                }
              }
            ],
            "ephemeral_storage": [
              {
                "size": 512
              }
            ],
            "file_system_config": [],
            "filename": ".build/get-original-url.zip",
            "function_name": "get-original-url-lambda",
            "handler": "index.handler",
            "id": "get-original-url-lambda",
            "image_config": [],
            "image_uri": "",
            "invoke_arn": "arn:aws:apigateway:us-east-1:lambda:path/2015-03-31/functions/arn:aws:lambda:us-east-1:587758787678:function:get-original-url-lambda/invocations",
            "kms_key_arn": "",
            "last_modified": "2023-02-06T01:00:25.907+0000",
            "layers": null,
            "memory_size": 128,
            "package_type": "Zip",
            "publish": false,
            "qualified_arn": "arn:aws:lambda:us-east-1:587758787678:function:get-original-url-lambda:$LATEST",
            "qualified_invoke_arn": "arn:aws:apigateway:us-east-1:lambda:path/2015-03-31/functions/arn:aws:lambda:us-east-1:587758787678:function:get-original-url-lambda:$LATEST/invocations",
            "reserved_concurrent_executions": -1,
            "role": "arn:aws:iam::587758787678:role/get-original-url-lambda-role",
            "runtime": "nodejs18.x",
            "s3_bucket": null,
            "s3_key": null,
            "s3_object_version": null,
            "signing_job_arn": "",
            "signing_profile_version_arn": "",
            "snap_start": [],
            "source_code_hash": "cGbb07146NRCJDWHEDabz+fwr6b4MwZ3nwrobJX1qjE=",
            "source_code_size": 1074,
            "tags": null,
            "tags_all": {},
            "timeout": 3,
            "timeouts": null,
            "tracing_config": [
              {
                "mode": "PassThrough"
              }
            ],
            "version": "$LATEST",
            "vpc_config": []
          },
          "sensitive_attributes": [],
          "private": "eyJlMmJmYjczMC1lY2FhLTExZTYtOGY4OC0zNDM2M2JjN2M0YzAiOnsiY3JlYXRlIjo2MDAwMDAwMDAwMDAsInVwZGF0ZSI6NjAwMDAwMDAwMDAwfX0=",
          "dependencies": [
            "aws_dynamodb_table.short_urls",
            "aws_iam_role.get_original_url",
            "data.archive_file.get_original_url"
          ]
        }
      ]
    },
    {
      "mode": "managed",
      "type": "aws_lambda_function",
      "name": "get_short_url",
      "provider": "provider[\"registry.terraform.io/hashicorp/aws\"]",
      "instances": [
        {
          "schema_version": 0,
          "attributes": {
            "architectures": [
              "x86_64"
            ],
            "arn": "arn:aws:lambda:us-east-1:587758787678:function:get-short-url-lambda",
            "code_signing_config_arn": "",
            "dead_letter_config": [],
            "description": "",
            "environment": [
              {
                "variables": {
                  "DOMAIN_NAME": "\u003cYOUR_DOMAIN_NAME\u003e",
                  "DOMAIN_PROTOCOL": "https",
                  "TABLE_NAME": "url-shortener-table"
                }
              }
            ],
            "ephemeral_storage": [
              {
                "size": 512
              }
            ],
            "file_system_config": [],
            "filename": ".build/get-short-url.zip",
            "function_name": "get-short-url-lambda",
            "handler": "index.handler",
            "id": "get-short-url-lambda",
            "image_config": [],
            "image_uri": "",
            "invoke_arn": "arn:aws:apigateway:us-east-1:lambda:path/2015-03-31/functions/arn:aws:lambda:us-east-1:587758787678:function:get-short-url-lambda/invocations",
            "kms_key_arn": "",
            "last_modified": "2023-02-06T01:00:19.882+0000",
            "layers": null,
            "memory_size": 128,
            "package_type": "Zip",
            "publish": false,
            "qualified_arn": "arn:aws:lambda:us-east-1:587758787678:function:get-short-url-lambda:$LATEST",
            "qualified_invoke_arn": "arn:aws:apigateway:us-east-1:lambda:path/2015-03-31/functions/arn:aws:lambda:us-east-1:587758787678:function:get-short-url-lambda:$LATEST/invocations",
            "reserved_concurrent_executions": -1,
            "role": "arn:aws:iam::587758787678:role/get-short-url-lambda-role",
            "runtime": "nodejs18.x",
            "s3_bucket": null,
            "s3_key": null,
            "s3_object_version": null,
            "signing_job_arn": "",
            "signing_profile_version_arn": "",
            "snap_start": [],
            "source_code_hash": "sl4KfUppNXdaNA3stnsByezsFd+XGLB7Vuy8q6MOQJI=",
            "source_code_size": 13023,
            "tags": null,
            "tags_all": {},
            "timeout": 3,
            "timeouts": null,
            "tracing_config": [
              {
                "mode": "PassThrough"
              }
            ],
            "version": "$LATEST",
            "vpc_config": []
          },
          "sensitive_attributes": [],
          "private": "eyJlMmJmYjczMC1lY2FhLTExZTYtOGY4OC0zNDM2M2JjN2M0YzAiOnsiY3JlYXRlIjo2MDAwMDAwMDAwMDAsInVwZGF0ZSI6NjAwMDAwMDAwMDAwfX0=",
          "dependencies": [
            "aws_dynamodb_table.short_urls",
            "aws_iam_role.get_short_url",
            "data.archive_file.get_short_url"
          ]
        }
      ]
    },
    {
      "mode": "managed",
      "type": "aws_lambda_function",
      "name": "get_url_stats",
      "provider": "provider[\"registry.terraform.io/hashicorp/aws\"]",
      "instances": [
        {
          "schema_version": 0,
          "attributes": {
            "architectures": [
              "x86_64"
            ],
            "arn": "arn:aws:lambda:us-east-1:587758787678:function:get-url-stats-lambda",
            "code_signing_config_arn": "",
            "dead_letter_config": [],
            "description": "",
            "environment": [
              {
                "variables": {
                  "DOMAIN_NAME": "\u003cYOUR_DOMAIN_NAME\u003e",
                  "DOMAIN_PROTOCOL": "https",
                  "TABLE_NAME": "url-shortener-table"
                }
              }
            ],
            "ephemeral_storage": [
              {
                "size": 512
              }
            ],
            "file_system_config": [],
            "filename": ".build/get-url-stats.zip",
            "function_name": "get-url-stats-lambda",
            "handler": "index.handler",
            "id": "get-url-stats-lambda",
            "image_config": [],
            "image_uri": "",
            "invoke_arn": "arn:aws:apigateway:us-east-1:lambda:path/2015-03-31/functions/arn:aws:lambda:us-east-1:587758787678:function:get-url-stats-lambda/invocations",
            "kms_key_arn": "",
            "last_modified": "2023-02-06T01:00:31.890+0000",
            "layers": null,
            "memory_size": 128,
            "package_type": "Zip",
            "publish": false,
            "qualified_arn": "arn:aws:lambda:us-east-1:587758787678:function:get-url-stats-lambda:$LATEST",
            "qualified_invoke_arn": "arn:aws:apigateway:us-east-1:lambda:path/2015-03-31/functions/arn:aws:lambda:us-east-1:587758787678:function:get-url-stats-lambda:$LATEST/invocations",
            "reserved_concurrent_executions": -1,
            "role": "arn:aws:iam::587758787678:role/get-url-stats-lambda-role",
            "runtime": "nodejs18.x",
            "s3_bucket": null,
            "s3_key": null,
            "s3_object_version": null,
            "signing_job_arn": "",
            "signing_profile_version_arn": "",
            "snap_start": [],
            "source_code_hash": "maQ/sio3LBRXMT1dKGquMbK3MgN1C6u5IKhGVu7TZ7I=",
            "source_code_size": 898,
            "tags": null,
            "tags_all": {},
            "timeout": 3,
            "timeouts": null,
            "tracing_config": [
              {
                "mode": "PassThrough"
              }
            ],
            "version": "$LATEST",
            "vpc_config": []
          },
          "sensitive_attributes": [],
          "private": "eyJlMmJmYjczMC1lY2FhLTExZTYtOGY4OC0zNDM2M2JjN2M0YzAiOnsiY3JlYXRlIjo2MDAwMDAwMDAwMDAsInVwZGF0ZSI6NjAwMDAwMDAwMDAwfX0=",
          "dependencies": [
            "aws_dynamodb_table.short_urls",
            "aws_iam_role.get_url_stats",
            "data.archive_file.get_url_stats"
          ]
        }
      ]
    },
    {
      "mode": "managed",
      "type": "aws_lambda_function_url",
      "name": "get_original_url",
      "provider": "provider[\"registry.terraform.io/hashicorp/aws\"]",
      "instances": [
        {
          "schema_version": 0,
          "attributes": {
            "authorization_type": "NONE",
            "cors": [],
            "function_arn": "arn:aws:lambda:us-east-1:587758787678:function:get-original-url-lambda",
            "function_name": "get-original-url-lambda",
            "function_url": "https://3q6vv45faxat3fdacv3tfdhbku0wcwvg.lambda-url.us-east-1.on.aws/",
            "id": "get-original-url-lambda",
            "qualifier": "",
            "timeouts": null,
            "url_id": "3q6vv45faxat3fdacv3tfdhbku0wcwvg"
          },
          "sensitive_attributes": [],
          "private": "eyJlMmJmYjczMC1lY2FhLTExZTYtOGY4OC0zNDM2M2JjN2M0YzAiOnsiY3JlYXRlIjo2MDAwMDAwMDAwMDB9fQ==",
          "dependencies": [
            "aws_dynamodb_table.short_urls",
            "aws_iam_role.get_original_url",
            "aws_lambda_function.get_original_url",
            "data.archive_file.get_original_url"
          ]
        }
      ]
    },
    {
      "mode": "managed",
      "type": "aws_lambda_function_url",
      "name": "get_short_url",
      "provider": "provider[\"registry.terraform.io/hashicorp/aws\"]",
      "instances": [
        {
          "schema_version": 0,
          "attributes": {
            "authorization_type": "NONE",
            "cors": [],
            "function_arn": "arn:aws:lambda:us-east-1:587758787678:function:get-short-url-lambda",
            "function_name": "get-short-url-lambda",
            "function_url": "https://m5xkipyg4ycclitmh6ffliclg40qowjs.lambda-url.us-east-1.on.aws/",
            "id": "get-short-url-lambda",
            "qualifier": "",
            "timeouts": null,
            "url_id": "m5xkipyg4ycclitmh6ffliclg40qowjs"
          },
          "sensitive_attributes": [],
          "private": "eyJlMmJmYjczMC1lY2FhLTExZTYtOGY4OC0zNDM2M2JjN2M0YzAiOnsiY3JlYXRlIjo2MDAwMDAwMDAwMDB9fQ==",
          "dependencies": [
            "aws_dynamodb_table.short_urls",
            "aws_iam_role.get_short_url",
            "aws_lambda_function.get_short_url",
            "data.archive_file.get_short_url"
          ]
        }
      ]
    },
    {
      "mode": "managed",
      "type": "aws_lambda_function_url",
      "name": "get_url_stats",
      "provider": "provider[\"registry.terraform.io/hashicorp/aws\"]",
      "instances": [
        {
          "schema_version": 0,
          "attributes": {
            "authorization_type": "NONE",
            "cors": [],
            "function_arn": "arn:aws:lambda:us-east-1:587758787678:function:get-url-stats-lambda",
            "function_name": "get-url-stats-lambda",
            "function_url": "https://dkqjkexby5e5xqgce7xrv5cdoi0cazlh.lambda-url.us-east-1.on.aws/",
            "id": "get-url-stats-lambda",
            "qualifier": "",
            "timeouts": null,
            "url_id": "dkqjkexby5e5xqgce7xrv5cdoi0cazlh"
          },
          "sensitive_attributes": [],
          "private": "eyJlMmJmYjczMC1lY2FhLTExZTYtOGY4OC0zNDM2M2JjN2M0YzAiOnsiY3JlYXRlIjo2MDAwMDAwMDAwMDB9fQ==",
          "dependencies": [
            "aws_dynamodb_table.short_urls",
            "aws_iam_role.get_url_stats",
            "aws_lambda_function.get_url_stats",
            "data.archive_file.get_url_stats"
          ]
        }
      ]
    }
  ],
  "check_results": null
}
