{
  "version": 4,
  "terraform_version": "1.3.5",
  "serial": 23,
  "lineage": "451ea4e7-f2e4-9a99-7c21-79a2d174ba12",
  "outputs": {
    "get_original_url_function_url": {
      "value": "https://3wiau3oxgf77xrwuvfwqcvrw3e0htxpu.lambda-url.us-east-1.on.aws/",
      "type": "string"
    },
    "get_short_url_function_url": {
      "value": "https://wyyzuxcgvk4u6ryhgk2323n3gm0vzpqi.lambda-url.us-east-1.on.aws/",
      "type": "string"
    },
    "get_url_stats_function_url": {
      "value": "https://r5s46nh3t6ci2ds7hxyjhrey5u0ntpgo.lambda-url.us-east-1.on.aws/",
      "type": "string"
    }
  },
  "resources": [
    {
      "mode": "data",
      "type": "archive_file",
      "name": "get_original_url",
      "provider": "provider[\"registry.terraform.io/hashicorp/archive\"]",
      "instances": [
        {
          "schema_version": 0,
          "attributes": {
            "excludes": null,
            "id": "82079234cd190bcae1e75f52dbbea8db73737d55",
            "output_base64sha256": "LOlygqN75Sg9kE9F0DCYopDQ2Eri+Ur0zvpXsq3r4BM=",
            "output_file_mode": null,
            "output_md5": "7c3caa090772614986e77023e825c741",
            "output_path": ".build/get-original-url.zip",
            "output_sha": "82079234cd190bcae1e75f52dbbea8db73737d55",
            "output_size": 1179,
            "source": [],
            "source_content": null,
            "source_content_filename": null,
            "source_dir": "./functions/get-original-url",
            "source_file": null,
            "type": "zip"
          },
          "sensitive_attributes": []
        }
      ]
    },
    {
      "mode": "data",
      "type": "archive_file",
      "name": "get_short_url",
      "provider": "provider[\"registry.terraform.io/hashicorp/archive\"]",
      "instances": [
        {
          "schema_version": 0,
          "attributes": {
            "excludes": null,
            "id": "7355bcdea2ce3a80fae9e28cbe7c138625d96b15",
            "output_base64sha256": "stTlwkOih8kwchJnO1MrmpEWNUgejomgo8z/Ft+6RJ8=",
            "output_file_mode": null,
            "output_md5": "90a3d6d1c6ca957fd0c52e44f30ffc73",
            "output_path": ".build/get-short-url.zip",
            "output_sha": "7355bcdea2ce3a80fae9e28cbe7c138625d96b15",
            "output_size": 13175,
            "source": [],
            "source_content": null,
            "source_content_filename": null,
            "source_dir": "./functions/get-short-url",
            "source_file": null,
            "type": "zip"
          },
          "sensitive_attributes": []
        }
      ]
    },
    {
      "mode": "data",
      "type": "archive_file",
      "name": "get_url_stats",
      "provider": "provider[\"registry.terraform.io/hashicorp/archive\"]",
      "instances": [
        {
          "schema_version": 0,
          "attributes": {
            "excludes": null,
            "id": "55a01f4b20c7ea65bff213d9d86a6d75bc1ca441",
            "output_base64sha256": "a1H7C4i0K81qEd19WLjpxvRuzu1ao95uDun8uClVhO0=",
            "output_file_mode": null,
            "output_md5": "3545f4c6fb7743a6e52924fb1912e865",
            "output_path": ".build/get-url-stats.zip",
            "output_sha": "55a01f4b20c7ea65bff213d9d86a6d75bc1ca441",
            "output_size": 970,
            "source": [],
            "source_content": null,
            "source_content_filename": null,
            "source_dir": "./functions/get-url-stats",
            "source_file": null,
            "type": "zip"
          },
          "sensitive_attributes": []
        }
      ]
    },
    {
      "mode": "data",
      "type": "aws_caller_identity",
      "name": "current",
      "provider": "provider[\"registry.terraform.io/hashicorp/aws\"]",
      "instances": [
        {
          "schema_version": 0,
          "attributes": {
            "account_id": "587758787678",
            "arn": "arn:aws:iam::587758787678:user/michael",
            "id": "587758787678",
            "user_id": "AIDAYRWJHLRPNLTD3DDQY"
          },
          "sensitive_attributes": []
        }
      ]
    },
    {
      "mode": "data",
      "type": "aws_region",
      "name": "current",
      "provider": "provider[\"registry.terraform.io/hashicorp/aws\"]",
      "instances": [
        {
          "schema_version": 0,
          "attributes": {
            "description": "US East (N. Virginia)",
            "endpoint": "ec2.us-east-1.amazonaws.com",
            "id": "us-east-1",
            "name": "us-east-1"
          },
          "sensitive_attributes": []
        }
      ]
    },
    {
      "mode": "managed",
      "type": "aws_dynamodb_table",
      "name": "short_urls",
      "provider": "provider[\"registry.terraform.io/hashicorp/aws\"]",
      "instances": [
        {
          "schema_version": 1,
          "attributes": {
            "arn": "arn:aws:dynamodb:us-east-1:587758787678:table/url-shortener-table",
            "attribute": [
              {
                "name": "ShortValue",
                "type": "S"
              }
            ],
            "billing_mode": "PAY_PER_REQUEST",
            "global_secondary_index": [],
            "hash_key": "ShortValue",
            "id": "url-shortener-table",
            "local_secondary_index": [],
            "name": "url-shortener-table",
            "point_in_time_recovery": [
              {
                "enabled": false
              }
            ],
            "range_key": null,
            "read_capacity": 0,
            "replica": [],
            "restore_date_time": null,
            "restore_source_name": null,
            "restore_to_latest_time": null,
            "server_side_encryption": [],
            "stream_arn": "",
            "stream_enabled": false,
            "stream_label": "",
            "stream_view_type": "",
            "table_class": "",
            "tags": {},
            "tags_all": {},
            "timeouts": null,
            "ttl": [
              {
                "attribute_name": "",
                "enabled": false
              }
            ],
            "write_capacity": 0
          },
          "sensitive_attributes": [],
          "private": "eyJlMmJmYjczMC1lY2FhLTExZTYtOGY4OC0zNDM2M2JjN2M0YzAiOnsiY3JlYXRlIjoxODAwMDAwMDAwMDAwLCJkZWxldGUiOjYwMDAwMDAwMDAwMCwidXBkYXRlIjozNjAwMDAwMDAwMDAwfSwic2NoZW1hX3ZlcnNpb24iOiIxIn0="
        }
      ]
    },
    {
      "mode": "managed",
      "type": "aws_iam_policy",
      "name": "get_original_url",
      "provider": "provider[\"registry.terraform.io/hashicorp/aws\"]",
      "instances": [
        {
          "schema_version": 0,
          "attributes": {
            "arn": "arn:aws:iam::587758787678:policy/get-original-url-lambda-permissions-policy",
            "description": "Lambda permissions policy",
            "id": "arn:aws:iam::587758787678:policy/get-original-url-lambda-permissions-policy",
            "name": "get-original-url-lambda-permissions-policy",
            "name_prefix": null,
            "path": "/",
            "policy": "{\"Statement\":[{\"Action\":[\"dynamodb:GetItem\",\"dynamodb:UpdateItem\"],\"Effect\":\"Allow\",\"Resource\":\"arn:aws:dynamodb:us-east-1:587758787678:table/url-shortener-table\"},{\"Action\":[\"logs:CreateLogGroup\"],\"Effect\":\"Allow\",\"Resource\":\"arn:aws:logs:us-east-1:587758787678:*\"},{\"Action\":[\"logs:CreateLogStream\",\"logs:PutLogEvents\"],\"Effect\":\"Allow\",\"Resource\":\"arn:aws:logs:us-east-1:587758787678:log-group:/aws/lambda/get-original-url-lambda:*\"}],\"Version\":\"2012-10-17\"}",
            "policy_id": "ANPAYRWJHLRPBCVC3UNY5",
            "tags": {},
            "tags_all": {}
          },
          "sensitive_attributes": [],
          "private": "bnVsbA==",
          "dependencies": [
            "aws_dynamodb_table.short_urls",
            "data.aws_caller_identity.current",
            "data.aws_region.current"
          ]
        }
      ]
    },
    {
      "mode": "managed",
      "type": "aws_iam_policy",
      "name": "get_short_url",
      "provider": "provider[\"registry.terraform.io/hashicorp/aws\"]",
      "instances": [
        {
          "schema_version": 0,
          "attributes": {
            "arn": "arn:aws:iam::587758787678:policy/get-short-url-lambda-permissions-policy",
            "description": "Lambda permissions policy",
            "id": "arn:aws:iam::587758787678:policy/get-short-url-lambda-permissions-policy",
            "name": "get-short-url-lambda-permissions-policy",
            "name_prefix": null,
            "path": "/",
            "policy": "{\"Statement\":[{\"Action\":[\"dynamodb:PutItem\",\"dynamodb:GetItem\"],\"Effect\":\"Allow\",\"Resource\":\"arn:aws:dynamodb:us-east-1:587758787678:table/url-shortener-table\"},{\"Action\":[\"logs:CreateLogGroup\"],\"Effect\":\"Allow\",\"Resource\":\"arn:aws:logs:us-east-1:587758787678:*\"},{\"Action\":[\"logs:CreateLogStream\",\"logs:PutLogEvents\"],\"Effect\":\"Allow\",\"Resource\":\"arn:aws:logs:us-east-1:587758787678:log-group:/aws/lambda/get-short-url-lambda:*\"}],\"Version\":\"2012-10-17\"}",
            "policy_id": "ANPAYRWJHLRPOYDLLLHDO",
            "tags": {},
            "tags_all": {}
          },
          "sensitive_attributes": [],
          "private": "bnVsbA==",
          "dependencies": [
            "aws_dynamodb_table.short_urls",
            "data.aws_caller_identity.current",
            "data.aws_region.current"
          ]
        }
      ]
    },
    {
      "mode": "managed",
      "type": "aws_iam_policy",
      "name": "get_url_stats",
      "provider": "provider[\"registry.terraform.io/hashicorp/aws\"]",
      "instances": [
        {
          "schema_version": 0,
          "attributes": {
            "arn": "arn:aws:iam::587758787678:policy/get-url-stats-lambda-permissions-policy",
            "description": "Lambda permissions policy",
            "id": "arn:aws:iam::587758787678:policy/get-url-stats-lambda-permissions-policy",
            "name": "get-url-stats-lambda-permissions-policy",
            "name_prefix": null,
            "path": "/",
            "policy": "{\"Statement\":[{\"Action\":[\"dynamodb:GetItem\"],\"Effect\":\"Allow\",\"Resource\":\"arn:aws:dynamodb:us-east-1:587758787678:table/url-shortener-table\"},{\"Action\":[\"logs:CreateLogGroup\"],\"Effect\":\"Allow\",\"Resource\":\"arn:aws:logs:us-east-1:587758787678:*\"},{\"Action\":[\"logs:CreateLogStream\",\"logs:PutLogEvents\"],\"Effect\":\"Allow\",\"Resource\":\"arn:aws:logs:us-east-1:587758787678:log-group:/aws/lambda/get-url-stats-lambda:*\"}],\"Version\":\"2012-10-17\"}",
            "policy_id": "ANPAYRWJHLRPKF5LKIEJ5",
            "tags": {},
            "tags_all": {}
          },
          "sensitive_attributes": [],
          "private": "bnVsbA==",
          "dependencies": [
            "aws_dynamodb_table.short_urls",
            "data.aws_caller_identity.current",
            "data.aws_region.current"
          ]
        }
      ]
    },
    {
      "mode": "managed",
      "type": "aws_iam_role",
      "name": "get_original_url",
      "provider": "provider[\"registry.terraform.io/hashicorp/aws\"]",
      "instances": [
        {
          "schema_version": 0,
          "attributes": {
            "arn": "arn:aws:iam::587758787678:role/get-original-url-lambda-role",
            "assume_role_policy": "{\"Statement\":[{\"Action\":\"sts:AssumeRole\",\"Effect\":\"Allow\",\"Principal\":{\"Service\":\"lambda.amazonaws.com\"},\"Sid\":\"\"}],\"Version\":\"2012-10-17\"}",
            "create_date": "2023-02-09T02:07:00Z",
            "description": "",
            "force_detach_policies": false,
            "id": "get-original-url-lambda-role",
            "inline_policy": [],
            "managed_policy_arns": [
              "arn:aws:iam::587758787678:policy/get-original-url-lambda-permissions-policy"
            ],
            "max_session_duration": 3600,
            "name": "get-original-url-lambda-role",
            "name_prefix": "",
            "path": "/",
            "permissions_boundary": null,
            "tags": {},
            "tags_all": {},
            "unique_id": "AROAYRWJHLRPCD435EXZU"
          },
          "sensitive_attributes": [],
          "private": "bnVsbA=="
        }
      ]
    },
    {
      "mode": "managed",
      "type": "aws_iam_role",
      "name": "get_short_url",
      "provider": "provider[\"registry.terraform.io/hashicorp/aws\"]",
      "instances": [
        {
          "schema_version": 0,
          "attributes": {
            "arn": "arn:aws:iam::587758787678:role/get-short-url-lambda-role",
            "assume_role_policy": "{\"Statement\":[{\"Action\":\"sts:AssumeRole\",\"Effect\":\"Allow\",\"Principal\":{\"Service\":\"lambda.amazonaws.com\"},\"Sid\":\"\"}],\"Version\":\"2012-10-17\"}",
            "create_date": "2023-02-09T02:07:00Z",
            "description": "",
            "force_detach_policies": false,
            "id": "get-short-url-lambda-role",
            "inline_policy": [],
            "managed_policy_arns": [
              "arn:aws:iam::587758787678:policy/get-short-url-lambda-permissions-policy"
            ],
            "max_session_duration": 3600,
            "name": "get-short-url-lambda-role",
            "name_prefix": "",
            "path": "/",
            "permissions_boundary": null,
            "tags": {},
            "tags_all": {},
            "unique_id": "AROAYRWJHLRPBTTYUUMUC"
          },
          "sensitive_attributes": [],
          "private": "bnVsbA=="
        }
      ]
    },
    {
      "mode": "managed",
      "type": "aws_iam_role",
      "name": "get_url_stats",
      "provider": "provider[\"registry.terraform.io/hashicorp/aws\"]",
      "instances": [
        {
          "schema_version": 0,
          "attributes": {
            "arn": "arn:aws:iam::587758787678:role/get-url-stats-lambda-role",
            "assume_role_policy": "{\"Statement\":[{\"Action\":\"sts:AssumeRole\",\"Effect\":\"Allow\",\"Principal\":{\"Service\":\"lambda.amazonaws.com\"},\"Sid\":\"\"}],\"Version\":\"2012-10-17\"}",
            "create_date": "2023-02-09T02:07:00Z",
            "description": "",
            "force_detach_policies": false,
            "id": "get-url-stats-lambda-role",
            "inline_policy": [],
            "managed_policy_arns": [
              "arn:aws:iam::587758787678:policy/get-url-stats-lambda-permissions-policy"
            ],
            "max_session_duration": 3600,
            "name": "get-url-stats-lambda-role",
            "name_prefix": "",
            "path": "/",
            "permissions_boundary": null,
            "tags": {},
            "tags_all": {},
            "unique_id": "AROAYRWJHLRPJWMXI3YGM"
          },
          "sensitive_attributes": [],
          "private": "bnVsbA=="
        }
      ]
    },
    {
      "mode": "managed",
      "type": "aws_iam_role_policy_attachment",
      "name": "get_original_url",
      "provider": "provider[\"registry.terraform.io/hashicorp/aws\"]",
      "instances": [
        {
          "schema_version": 0,
          "attributes": {
            "id": "get-original-url-lambda-role-20230209020719268000000003",
            "policy_arn": "arn:aws:iam::587758787678:policy/get-original-url-lambda-permissions-policy",
            "role": "get-original-url-lambda-role"
          },
          "sensitive_attributes": [],
          "private": "bnVsbA==",
          "dependencies": [
            "aws_dynamodb_table.short_urls",
            "aws_iam_policy.get_original_url",
            "aws_iam_role.get_original_url",
            "data.aws_caller_identity.current",
            "data.aws_region.current"
          ]
        }
      ]
    },
    {
      "mode": "managed",
      "type": "aws_iam_role_policy_attachment",
      "name": "get_short_url",
      "provider": "provider[\"registry.terraform.io/hashicorp/aws\"]",
      "instances": [
        {
          "schema_version": 0,
          "attributes": {
            "id": "get-short-url-lambda-role-20230209020719255300000001",
            "policy_arn": "arn:aws:iam::587758787678:policy/get-short-url-lambda-permissions-policy",
            "role": "get-short-url-lambda-role"
          },
          "sensitive_attributes": [],
          "private": "bnVsbA==",
          "dependencies": [
            "aws_dynamodb_table.short_urls",
            "aws_iam_policy.get_short_url",
            "aws_iam_role.get_short_url",
            "data.aws_caller_identity.current",
            "data.aws_region.current"
          ]
        }
      ]
    },
    {
      "mode": "managed",
      "type": "aws_iam_role_policy_attachment",
      "name": "get_url_stats",
      "provider": "provider[\"registry.terraform.io/hashicorp/aws\"]",
      "instances": [
        {
          "schema_version": 0,
          "attributes": {
            "id": "get-url-stats-lambda-role-20230209020719255600000002",
            "policy_arn": "arn:aws:iam::587758787678:policy/get-url-stats-lambda-permissions-policy",
            "role": "get-url-stats-lambda-role"
          },
          "sensitive_attributes": [],
          "private": "bnVsbA==",
          "dependencies": [
            "aws_dynamodb_table.short_urls",
            "aws_iam_policy.get_url_stats",
            "aws_iam_role.get_url_stats",
            "data.aws_caller_identity.current",
            "data.aws_region.current"
          ]
        }
      ]
    },
    {
      "mode": "managed",
      "type": "aws_lambda_function",
      "name": "get_original_url",
      "provider": "provider[\"registry.terraform.io/hashicorp/aws\"]",
      "instances": [
        {
          "schema_version": 0,
          "attributes": {
            "architectures": [
              "x86_64"
            ],
            "arn": "arn:aws:lambda:us-east-1:587758787678:function:get-original-url-lambda",
            "code_signing_config_arn": "",
            "dead_letter_config": [],
            "description": "",
            "environment": [
              {
                "variables": {
                  "TABLE_NAME": "url-shortener-table"
                }
              }
            ],
            "ephemeral_storage": [
              {
                "size": 512
              }
            ],
            "file_system_config": [],
            "filename": ".build/get-original-url.zip",
            "function_name": "get-original-url-lambda",
            "handler": "index.handler",
            "id": "get-original-url-lambda",
            "image_config": [],
            "image_uri": "",
            "invoke_arn": "arn:aws:apigateway:us-east-1:lambda:path/2015-03-31/functions/arn:aws:lambda:us-east-1:587758787678:function:get-original-url-lambda/invocations",
            "kms_key_arn": "",
            "last_modified": "2023-02-09T02:15:43.000+0000",
            "layers": [],
            "memory_size": 128,
            "package_type": "Zip",
            "publish": false,
            "qualified_arn": "arn:aws:lambda:us-east-1:587758787678:function:get-original-url-lambda:$LATEST",
            "qualified_invoke_arn": "arn:aws:apigateway:us-east-1:lambda:path/2015-03-31/functions/arn:aws:lambda:us-east-1:587758787678:function:get-original-url-lambda:$LATEST/invocations",
            "reserved_concurrent_executions": -1,
            "role": "arn:aws:iam::587758787678:role/get-original-url-lambda-role",
            "runtime": "nodejs18.x",
            "s3_bucket": null,
            "s3_key": null,
            "s3_object_version": null,
            "signing_job_arn": "",
            "signing_profile_version_arn": "",
            "snap_start": [],
            "source_code_hash": "LOlygqN75Sg9kE9F0DCYopDQ2Eri+Ur0zvpXsq3r4BM=",
            "source_code_size": 1179,
            "tags": {},
            "tags_all": {},
            "timeout": 3,
            "timeouts": null,
            "tracing_config": [
              {
                "mode": "PassThrough"
              }
            ],
            "version": "$LATEST",
            "vpc_config": []
          },
          "sensitive_attributes": [],
          "private": "eyJlMmJmYjczMC1lY2FhLTExZTYtOGY4OC0zNDM2M2JjN2M0YzAiOnsiY3JlYXRlIjo2MDAwMDAwMDAwMDAsInVwZGF0ZSI6NjAwMDAwMDAwMDAwfX0=",
          "dependencies": [
            "aws_dynamodb_table.short_urls",
            "aws_iam_role.get_original_url",
            "data.archive_file.get_original_url"
          ]
        }
      ]
    },
    {
      "mode": "managed",
      "type": "aws_lambda_function",
      "name": "get_short_url",
      "provider": "provider[\"registry.terraform.io/hashicorp/aws\"]",
      "instances": [
        {
          "schema_version": 0,
          "attributes": {
            "architectures": [
              "x86_64"
            ],
            "arn": "arn:aws:lambda:us-east-1:587758787678:function:get-short-url-lambda",
            "code_signing_config_arn": "",
            "dead_letter_config": [],
            "description": "",
            "environment": [
              {
                "variables": {
                  "DOMAIN_NAME": "\u003cYOUR_DOMAIN_NAME\u003e",
                  "DOMAIN_PROTOCOL": "https",
                  "TABLE_NAME": "url-shortener-table"
                }
              }
            ],
            "ephemeral_storage": [
              {
                "size": 512
              }
            ],
            "file_system_config": [],
            "filename": ".build/get-short-url.zip",
            "function_name": "get-short-url-lambda",
            "handler": "index.handler",
            "id": "get-short-url-lambda",
            "image_config": [],
            "image_uri": "",
            "invoke_arn": "arn:aws:apigateway:us-east-1:lambda:path/2015-03-31/functions/arn:aws:lambda:us-east-1:587758787678:function:get-short-url-lambda/invocations",
            "kms_key_arn": "",
            "last_modified": "2023-02-09T02:18:09.000+0000",
            "layers": [],
            "memory_size": 128,
            "package_type": "Zip",
            "publish": false,
            "qualified_arn": "arn:aws:lambda:us-east-1:587758787678:function:get-short-url-lambda:$LATEST",
            "qualified_invoke_arn": "arn:aws:apigateway:us-east-1:lambda:path/2015-03-31/functions/arn:aws:lambda:us-east-1:587758787678:function:get-short-url-lambda:$LATEST/invocations",
            "reserved_concurrent_executions": -1,
            "role": "arn:aws:iam::587758787678:role/get-short-url-lambda-role",
            "runtime": "nodejs18.x",
            "s3_bucket": null,
            "s3_key": null,
            "s3_object_version": null,
            "signing_job_arn": "",
            "signing_profile_version_arn": "",
            "snap_start": [],
            "source_code_hash": "stTlwkOih8kwchJnO1MrmpEWNUgejomgo8z/Ft+6RJ8=",
            "source_code_size": 13175,
            "tags": {},
            "tags_all": {},
            "timeout": 3,
            "timeouts": null,
            "tracing_config": [
              {
                "mode": "PassThrough"
              }
            ],
            "version": "$LATEST",
            "vpc_config": []
          },
          "sensitive_attributes": [],
          "private": "eyJlMmJmYjczMC1lY2FhLTExZTYtOGY4OC0zNDM2M2JjN2M0YzAiOnsiY3JlYXRlIjo2MDAwMDAwMDAwMDAsInVwZGF0ZSI6NjAwMDAwMDAwMDAwfX0=",
          "dependencies": [
            "aws_dynamodb_table.short_urls",
            "aws_iam_role.get_short_url",
            "data.archive_file.get_short_url"
          ]
        }
      ]
    },
    {
      "mode": "managed",
      "type": "aws_lambda_function",
      "name": "get_url_stats",
      "provider": "provider[\"registry.terraform.io/hashicorp/aws\"]",
      "instances": [
        {
          "schema_version": 0,
          "attributes": {
            "architectures": [
              "x86_64"
            ],
            "arn": "arn:aws:lambda:us-east-1:587758787678:function:get-url-stats-lambda",
            "code_signing_config_arn": "",
            "dead_letter_config": [],
            "description": "",
            "environment": [
              {
                "variables": {
                  "DOMAIN_NAME": "\u003cYOUR_DOMAIN_NAME\u003e",
                  "DOMAIN_PROTOCOL": "https",
                  "TABLE_NAME": "url-shortener-table"
                }
              }
            ],
            "ephemeral_storage": [
              {
                "size": 512
              }
            ],
            "file_system_config": [],
            "filename": ".build/get-url-stats.zip",
            "function_name": "get-url-stats-lambda",
            "handler": "index.handler",
            "id": "get-url-stats-lambda",
            "image_config": [],
            "image_uri": "",
            "invoke_arn": "arn:aws:apigateway:us-east-1:lambda:path/2015-03-31/functions/arn:aws:lambda:us-east-1:587758787678:function:get-url-stats-lambda/invocations",
            "kms_key_arn": "",
            "last_modified": "2023-02-09T02:15:37.000+0000",
            "layers": [],
            "memory_size": 128,
            "package_type": "Zip",
            "publish": false,
            "qualified_arn": "arn:aws:lambda:us-east-1:587758787678:function:get-url-stats-lambda:$LATEST",
            "qualified_invoke_arn": "arn:aws:apigateway:us-east-1:lambda:path/2015-03-31/functions/arn:aws:lambda:us-east-1:587758787678:function:get-url-stats-lambda:$LATEST/invocations",
            "reserved_concurrent_executions": -1,
            "role": "arn:aws:iam::587758787678:role/get-url-stats-lambda-role",
            "runtime": "nodejs18.x",
            "s3_bucket": null,
            "s3_key": null,
            "s3_object_version": null,
            "signing_job_arn": "",
            "signing_profile_version_arn": "",
            "snap_start": [],
            "source_code_hash": "a1H7C4i0K81qEd19WLjpxvRuzu1ao95uDun8uClVhO0=",
            "source_code_size": 970,
            "tags": {},
            "tags_all": {},
            "timeout": 3,
            "timeouts": null,
            "tracing_config": [
              {
                "mode": "PassThrough"
              }
            ],
            "version": "$LATEST",
            "vpc_config": []
          },
          "sensitive_attributes": [],
          "private": "eyJlMmJmYjczMC1lY2FhLTExZTYtOGY4OC0zNDM2M2JjN2M0YzAiOnsiY3JlYXRlIjo2MDAwMDAwMDAwMDAsInVwZGF0ZSI6NjAwMDAwMDAwMDAwfX0=",
          "dependencies": [
            "aws_dynamodb_table.short_urls",
            "aws_iam_role.get_url_stats",
            "data.archive_file.get_url_stats"
          ]
        }
      ]
    },
    {
      "mode": "managed",
      "type": "aws_lambda_function_url",
      "name": "get_original_url",
      "provider": "provider[\"registry.terraform.io/hashicorp/aws\"]",
      "instances": [
        {
          "schema_version": 0,
          "attributes": {
            "authorization_type": "NONE",
            "cors": [],
            "function_arn": "arn:aws:lambda:us-east-1:587758787678:function:get-original-url-lambda",
            "function_name": "get-original-url-lambda",
            "function_url": "https://3wiau3oxgf77xrwuvfwqcvrw3e0htxpu.lambda-url.us-east-1.on.aws/",
            "id": "get-original-url-lambda",
            "qualifier": "",
            "timeouts": null,
            "url_id": "3wiau3oxgf77xrwuvfwqcvrw3e0htxpu"
          },
          "sensitive_attributes": [],
          "private": "eyJlMmJmYjczMC1lY2FhLTExZTYtOGY4OC0zNDM2M2JjN2M0YzAiOnsiY3JlYXRlIjo2MDAwMDAwMDAwMDB9fQ==",
          "dependencies": [
            "aws_dynamodb_table.short_urls",
            "aws_iam_role.get_original_url",
            "aws_lambda_function.get_original_url",
            "data.archive_file.get_original_url"
          ]
        }
      ]
    },
    {
      "mode": "managed",
      "type": "aws_lambda_function_url",
      "name": "get_short_url",
      "provider": "provider[\"registry.terraform.io/hashicorp/aws\"]",
      "instances": [
        {
          "schema_version": 0,
          "attributes": {
            "authorization_type": "NONE",
            "cors": [],
            "function_arn": "arn:aws:lambda:us-east-1:587758787678:function:get-short-url-lambda",
            "function_name": "get-short-url-lambda",
            "function_url": "https://wyyzuxcgvk4u6ryhgk2323n3gm0vzpqi.lambda-url.us-east-1.on.aws/",
            "id": "get-short-url-lambda",
            "qualifier": "",
            "timeouts": null,
            "url_id": "wyyzuxcgvk4u6ryhgk2323n3gm0vzpqi"
          },
          "sensitive_attributes": [],
          "private": "eyJlMmJmYjczMC1lY2FhLTExZTYtOGY4OC0zNDM2M2JjN2M0YzAiOnsiY3JlYXRlIjo2MDAwMDAwMDAwMDB9fQ==",
          "dependencies": [
            "aws_dynamodb_table.short_urls",
            "aws_iam_role.get_short_url",
            "aws_lambda_function.get_short_url",
            "data.archive_file.get_short_url"
          ]
        }
      ]
    },
    {
      "mode": "managed",
      "type": "aws_lambda_function_url",
      "name": "get_url_stats",
      "provider": "provider[\"registry.terraform.io/hashicorp/aws\"]",
      "instances": [
        {
          "schema_version": 0,
          "attributes": {
            "authorization_type": "NONE",
            "cors": [],
            "function_arn": "arn:aws:lambda:us-east-1:587758787678:function:get-url-stats-lambda",
            "function_name": "get-url-stats-lambda",
            "function_url": "https://r5s46nh3t6ci2ds7hxyjhrey5u0ntpgo.lambda-url.us-east-1.on.aws/",
            "id": "get-url-stats-lambda",
            "qualifier": "",
            "timeouts": null,
            "url_id": "r5s46nh3t6ci2ds7hxyjhrey5u0ntpgo"
          },
          "sensitive_attributes": [],
          "private": "eyJlMmJmYjczMC1lY2FhLTExZTYtOGY4OC0zNDM2M2JjN2M0YzAiOnsiY3JlYXRlIjo2MDAwMDAwMDAwMDB9fQ==",
          "dependencies": [
            "aws_dynamodb_table.short_urls",
            "aws_iam_role.get_url_stats",
            "aws_lambda_function.get_url_stats",
            "data.archive_file.get_url_stats"
          ]
        }
      ]
    }
  ],
  "check_results": null
}
